
Microsoft Visual Studio Solution File, Format Version 12.00
# Visual Studio Version 17
VisualStudioVersion = 17.7.34221.43
MinimumVisualStudioVersion = 10.0.40219.1
Project("{FAE04EC0-301F-11D3-BF4B-00C04F79EFBC}") = "stajdaki çalışmam", "stajdaki çalışmam\stajdaki çalışmam.csproj", "{0698EC44-532B-4BDD-87D4-8CC0DF534532}"
EndProject
Global
	GlobalSection(SolutionConfigurationPlatforms) = preSolution
		Debug|Any CPU = Debug|Any CPU
		Release|Any CPU = Release|Any CPU
	EndGlobalSection
	GlobalSection(ProjectConfigurationPlatforms) = postSolution
		{0698EC44-532B-4BDD-87D4-8CC0DF534532}.Debug|Any CPU.ActiveCfg = Debug|Any CPU
		{0698EC44-532B-4BDD-87D4-8CC0DF534532}.Debug|Any CPU.Build.0 = Debug|Any CPU
		{0698EC44-532B-4BDD-87D4-8CC0DF534532}.Release|Any CPU.ActiveCfg = Release|Any CPU
		{0698EC44-532B-4BDD-87D4-8CC0DF534532}.Release|Any CPU.Build.0 = Release|Any CPU
	EndGlobalSection
	GlobalSection(SolutionProperties) = preSolution
		HideSolutionNode = FALSE
	EndGlobalSection
	GlobalSection(ExtensibilityGlobals) = postSolution
		SolutionGuid = {1F8F5CBE-A682-42D3-989C-390B4D15F096}
	EndGlobalSection
EndGlobal
